
Microsoft Visual Studio Solution File, Format Version 12.00
# Visual Studio Version 16
Project("{8BC9CEB8-8B4A-11D0-8D11-00A0C91BC942}") = "ALL_BUILD", "ALL_BUILD.vcxproj", "{91802AF6-213A-3856-A68D-19964C3EC286}"
	ProjectSection(ProjectDependencies) = postProject
		{AC051B6C-E8E6-371E-A248-4462DBA42C7B} = {AC051B6C-E8E6-371E-A248-4462DBA42C7B}
	EndProjectSection
EndProject
Project("{8BC9CEB8-8B4A-11D0-8D11-00A0C91BC942}") = "dummyProcess", "dummyProcess.vcxproj", "{AC051B6C-E8E6-371E-A248-4462DBA42C7B}"
	ProjectSection(ProjectDependencies) = postProject
	EndProjectSection
EndProject
Global
	GlobalSection(SolutionConfigurationPlatforms) = preSolution
		Debug|x64 = Debug|x64
		Release|x64 = Release|x64
		MinSizeRel|x64 = MinSizeRel|x64
		RelWithDebInfo|x64 = RelWithDebInfo|x64
	EndGlobalSection
	GlobalSection(ProjectConfigurationPlatforms) = postSolution
		{91802AF6-213A-3856-A68D-19964C3EC286}.Debug|x64.ActiveCfg = Debug|x64
		{91802AF6-213A-3856-A68D-19964C3EC286}.Release|x64.ActiveCfg = Release|x64
		{91802AF6-213A-3856-A68D-19964C3EC286}.MinSizeRel|x64.ActiveCfg = MinSizeRel|x64
		{91802AF6-213A-3856-A68D-19964C3EC286}.RelWithDebInfo|x64.ActiveCfg = RelWithDebInfo|x64
		{AC051B6C-E8E6-371E-A248-4462DBA42C7B}.Debug|x64.ActiveCfg = Debug|x64
		{AC051B6C-E8E6-371E-A248-4462DBA42C7B}.Debug|x64.Build.0 = Debug|x64
		{AC051B6C-E8E6-371E-A248-4462DBA42C7B}.Release|x64.ActiveCfg = Release|x64
		{AC051B6C-E8E6-371E-A248-4462DBA42C7B}.Release|x64.Build.0 = Release|x64
		{AC051B6C-E8E6-371E-A248-4462DBA42C7B}.MinSizeRel|x64.ActiveCfg = MinSizeRel|x64
		{AC051B6C-E8E6-371E-A248-4462DBA42C7B}.MinSizeRel|x64.Build.0 = MinSizeRel|x64
		{AC051B6C-E8E6-371E-A248-4462DBA42C7B}.RelWithDebInfo|x64.ActiveCfg = RelWithDebInfo|x64
		{AC051B6C-E8E6-371E-A248-4462DBA42C7B}.RelWithDebInfo|x64.Build.0 = RelWithDebInfo|x64
	EndGlobalSection
	GlobalSection(ExtensibilityGlobals) = postSolution
		SolutionGuid = {BE6ABD5F-5688-34E5-9818-77A1668F8A59}
	EndGlobalSection
	GlobalSection(ExtensibilityAddIns) = postSolution
	EndGlobalSection
EndGlobal
