<?xml version="1.0" encoding="utf-8"?>
<Project ToolsVersion="16.0" xmlns="http://schemas.microsoft.com/developer/msbuild/2003">
  <ItemGroup>
    <ClCompile Include="C:\Users\kirim\Desktop\kiri-lab\CorBi\CorBidummyProcess\main.cpp">
      <Filter>Source Files</Filter>
    </ClCompile>
  </ItemGroup>
  <ItemGroup>
    <CustomBuild Include="C:\Users\kirim\Desktop\kiri-lab\CorBi\CorBidummyProcess\CMakeLists.txt" />
  </ItemGroup>
  <ItemGroup>
    <Filter Include="Source Files">
      <UniqueIdentifier>{4CEF8B72-5AAE-3C8B-B9A6-1E0ECE416F24}</UniqueIdentifier>
    </Filter>
  </ItemGroup>
</Project>
