<?xml version="1.0" encoding="utf-8"?>
<Project ToolsVersion="16.0" xmlns="http://schemas.microsoft.com/developer/msbuild/2003">
  <ItemGroup>
    <Filter Include="CMake Rules">
      <UniqueIdentifier>{0CEE0672-26DC-3543-AFF2-69D21FB5C7EA}</UniqueIdentifier>
    </Filter>
  </ItemGroup>
</Project>
